<?xml version="1.0" encoding="utf-8"?>
<Project ToolsVersion="4.0" xmlns="http://schemas.microsoft.com/developer/msbuild/2003">
  <ItemGroup>
    <Filter Include="Source Files">
      <UniqueIdentifier>{4FC737F1-C7A5-4376-A066-2A32D752A2FF}</UniqueIdentifier>
      <Extensions>cpp;c;cc;cxx;c++;cppm;ixx;def;odl;idl;hpj;bat;asm;asmx</Extensions>
    </Filter>
    <Filter Include="Header Files">
      <UniqueIdentifier>{93995380-89BD-4b04-88EB-625FBE52EBFB}</UniqueIdentifier>
      <Extensions>h;hh;hpp;hxx;h++;hm;inl;inc;ipp;xsd</Extensions>
    </Filter>
    <Filter Include="Resource Files">
      <UniqueIdentifier>{67DA6AB6-F800-4c08-8B7A-83BB121AAD01}</UniqueIdentifier>
      <Extensions>rc;ico;cur;bmp;dlg;rc2;rct;bin;rgs;gif;jpg;jpeg;jpe;resx;tiff;tif;png;wav;mfcribbon-ms</Extensions>
    </Filter>
  </ItemGroup>
  <ItemGroup>
    <ClCompile Include="scr\EntryPoint.cpp">
      <Filter>Source Files</Filter>
    </ClCompile>
    <ClCompile Include="scr\Renderer.cpp">
      <Filter>Source Files</Filter>
    </ClCompile>
    <ClCompile Include="scr\ShaderProgram.cpp">
      <Filter>Source Files</Filter>
    </ClCompile>
    <ClCompile Include="scr\Input.cpp">
      <Filter>Source Files</Filter>
    </ClCompile>
    <ClCompile Include="scr\VertexArray.cpp">
      <Filter>Source Files</Filter>
    </ClCompile>
    <ClCompile Include="scr\GameObject.cpp">
      <Filter>Source Files</Filter>
    </ClCompile>
    <ClCompile Include="scr\WindowFunctions.cpp">
      <Filter>Source Files</Filter>
    </ClCompile>
    <ClCompile Include="scr\Texture2D.cpp">
      <Filter>Source Files</Filter>
    </ClCompile>
    <ClCompile Include="scr\Log.cpp">
      <Filter>Source Files</Filter>
    </ClCompile>
    <ClCompile Include="scr\Rendererpch.cpp">
      <Filter>Source Files</Filter>
    </ClCompile>
    <ClCompile Include="scr\CollisionDetection.cpp">
      <Filter>Source Files</Filter>
    </ClCompile>
    <ClCompile Include="scr\Colider.cpp">
      <Filter>Source Files</Filter>
    </ClCompile>
    <ClCompile Include="scr\PhysicWorld.cpp">
      <Filter>Source Files</Filter>
    </ClCompile>
    <ClCompile Include="scr\CollisionSolver.cpp">
      <Filter>Source Files</Filter>
    </ClCompile>
    <ClCompile Include="scr\EntityManager.cpp">
      <Filter>Source Files</Filter>
    </ClCompile>
    <ClCompile Include="scr\ECSManager.cpp">
      <Filter>Source Files</Filter>
    </ClCompile>
    <ClCompile Include="scr\SystemManager.cpp">
      <Filter>Source Files</Filter>
    </ClCompile>
    <ClCompile Include="scr\ScriptSystem.cpp">
      <Filter>Source Files</Filter>
    </ClCompile>
    <ClCompile Include="scr\CollisionSytstem.cpp">
      <Filter>Source Files</Filter>
    </ClCompile>
    <ClCompile Include="scr\RenderSytstem.cpp">
      <Filter>Source Files</Filter>
    </ClCompile>
    <ClCompile Include="scr\TextureUnitManager.cpp">
      <Filter>Source Files</Filter>
    </ClCompile>
    <ClCompile Include="scr\Window.cpp">
      <Filter>Source Files</Filter>
    </ClCompile>
    <ClCompile Include="scr\Scene.cpp">
      <Filter>Source Files</Filter>
    </ClCompile>
    <ClCompile Include="scr\GameObjectRegister.cpp">
      <Filter>Source Files</Filter>
    </ClCompile>
  </ItemGroup>
  <ItemGroup>
    <ClInclude Include="scr\Renderer.h">
      <Filter>Header Files</Filter>
    </ClInclude>
    <ClInclude Include="scr\ShaderProgram.h">
      <Filter>Header Files</Filter>
    </ClInclude>
    <ClInclude Include="include\Components\Sprite.h">
      <Filter>Header Files</Filter>
    </ClInclude>
    <ClInclude Include="Core\Global.h">
      <Filter>Header Files</Filter>
    </ClInclude>
    <ClInclude Include="scr\VertexArray.h">
      <Filter>Header Files</Filter>
    </ClInclude>
    <ClInclude Include="include\Input.h">
      <Filter>Header Files</Filter>
    </ClInclude>
    <ClInclude Include="include\ScriptableObject.h">
      <Filter>Header Files</Filter>
    </ClInclude>
    <ClInclude Include="include\Components\Transoform.h">
      <Filter>Header Files</Filter>
    </ClInclude>
    <ClInclude Include="include\GameObject.h">
      <Filter>Header Files</Filter>
    </ClInclude>
    <ClInclude Include="scr\WindowFunctions.h">
      <Filter>Header Files</Filter>
    </ClInclude>
    <ClInclude Include="include\Texture2D.h">
      <Filter>Header Files</Filter>
    </ClInclude>
    <ClInclude Include="scr\EntryPoint.h">
      <Filter>Header Files</Filter>
    </ClInclude>
    <ClInclude Include="include\RendererEngine_s.h">
      <Filter>Header Files</Filter>
    </ClInclude>
    <ClInclude Include="scr\Log.h">
      <Filter>Header Files</Filter>
    </ClInclude>
    <ClInclude Include="scr\Rendererpch.h">
      <Filter>Header Files</Filter>
    </ClInclude>
    <ClInclude Include="include\DeltaTime.h">
      <Filter>Header Files</Filter>
    </ClInclude>
    <ClInclude Include="include\Components\Camera.h">
      <Filter>Header Files</Filter>
    </ClInclude>
    <ClInclude Include="include\Components\Colider.h">
      <Filter>Header Files</Filter>
    </ClInclude>
    <ClInclude Include="scr\CollisionDetection.h">
      <Filter>Header Files</Filter>
    </ClInclude>
    <ClInclude Include="scr\MetricHelper.h">
      <Filter>Header Files</Filter>
    </ClInclude>
    <ClInclude Include="include\Components\PhysicBody.h">
      <Filter>Header Files</Filter>
    </ClInclude>
    <ClInclude Include="scr\PhysicWorld.h">
      <Filter>Header Files</Filter>
    </ClInclude>
    <ClInclude Include="scr\CollisionSolver.h">
      <Filter>Header Files</Filter>
    </ClInclude>
    <ClInclude Include="scr\EntityManager.h">
      <Filter>Header Files</Filter>
    </ClInclude>
    <ClInclude Include="scr\ComponentManager.h">
      <Filter>Header Files</Filter>
    </ClInclude>
    <ClInclude Include="scr\ComponentArray.h">
      <Filter>Header Files</Filter>
    </ClInclude>
    <ClInclude Include="scr\ECSManager.h">
      <Filter>Header Files</Filter>
    </ClInclude>
    <ClInclude Include="scr\ISystem.h">
      <Filter>Header Files</Filter>
    </ClInclude>
    <ClInclude Include="scr\SystemManager.h">
      <Filter>Header Files</Filter>
    </ClInclude>
    <ClInclude Include="include\Components\ScriptComponent.h">
      <Filter>Header Files</Filter>
    </ClInclude>
    <ClInclude Include="include\EventSystem.h">
      <Filter>Header Files</Filter>
    </ClInclude>
    <ClInclude Include="scr\ScriptSystem.h">
      <Filter>Header Files</Filter>
    </ClInclude>
    <ClInclude Include="include\Components\ColliderComponent.h">
      <Filter>Header Files</Filter>
    </ClInclude>
    <ClInclude Include="scr\CollisionSytstem.h">
      <Filter>Header Files</Filter>
    </ClInclude>
    <ClInclude Include="scr\RenderSytstem.h">
      <Filter>Header Files</Filter>
    </ClInclude>
    <ClInclude Include="scr\TextureUnitManager.h">
      <Filter>Header Files</Filter>
    </ClInclude>
    <ClInclude Include="include\Components\Component.h">
      <Filter>Header Files</Filter>
    </ClInclude>
    <ClInclude Include="include\Components\TagComponent.h">
      <Filter>Header Files</Filter>
    </ClInclude>
    <ClInclude Include="scr\Window.h">
      <Filter>Header Files</Filter>
    </ClInclude>
    <ClInclude Include="scr\ECSTypes.h">
      <Filter>Header Files</Filter>
    </ClInclude>
    <ClInclude Include="Assets\AssetPath.h">
      <Filter>Header Files</Filter>
    </ClInclude>
    <ClInclude Include="include\Scene.h">
      <Filter>Header Files</Filter>
    </ClInclude>
    <ClInclude Include="scr\GameObjectRegister.h">
      <Filter>Header Files</Filter>
    </ClInclude>
  </ItemGroup>
  <ItemGroup>
    <None Include="Assets\Shaders\Color_shader.glsl" />
    <None Include="Assets\Shaders\Circle_shader.glsl" />
    <None Include="Assets\Shaders\Square_shader.glsl" />
  </ItemGroup>
  <ItemGroup>
    <Image Include="Assets\Textures\Texture.jpg">
      <Filter>Resource Files</Filter>
    </Image>
    <Image Include="Assets\Textures\Apple.png">
      <Filter>Resource Files</Filter>
    </Image>
    <Image Include="Assets\Textures\WhiteTexture.png">
      <Filter>Resource Files</Filter>
    </Image>
  </ItemGroup>
</Project>