<?xml version="1.0" encoding="utf-8"?>
<Project ToolsVersion="4.0" xmlns="http://schemas.microsoft.com/developer/msbuild/2003">
  <ItemGroup>
    <Filter Include="Source Files">
      <UniqueIdentifier>{4FC737F1-C7A5-4376-A066-2A32D752A2FF}</UniqueIdentifier>
      <Extensions>cpp;c;cc;cxx;c++;cppm;ixx;def;odl;idl;hpj;bat;asm;asmx</Extensions>
    </Filter>
    <Filter Include="Header Files">
      <UniqueIdentifier>{93995380-89BD-4b04-88EB-625FBE52EBFB}</UniqueIdentifier>
      <Extensions>h;hh;hpp;hxx;h++;hm;inl;inc;ipp;xsd</Extensions>
    </Filter>
    <Filter Include="Resource Files">
      <UniqueIdentifier>{67DA6AB6-F800-4c08-8B7A-83BB121AAD01}</UniqueIdentifier>
      <Extensions>rc;ico;cur;bmp;dlg;rc2;rct;bin;rgs;gif;jpg;jpeg;jpe;resx;tiff;tif;png;wav;mfcribbon-ms</Extensions>
    </Filter>
  </ItemGroup>
  <ItemGroup>
    <ClCompile Include="scr\EntryPoint.cpp">
      <Filter>Source Files</Filter>
    </ClCompile>
    <ClCompile Include="scr\Renderer\Renderer.cpp">
      <Filter>Source Files</Filter>
    </ClCompile>
    <ClCompile Include="scr\Shader\ShaderProgram\ShaderProgram.cpp">
      <Filter>Source Files</Filter>
    </ClCompile>
    <ClCompile Include="scr\Sprite\Sprite.cpp">
      <Filter>Source Files</Filter>
    </ClCompile>
    <ClCompile Include="scr\Input\Input.cpp">
      <Filter>Source Files</Filter>
    </ClCompile>
    <ClCompile Include="scr\OpenglData\VertexArray\VertexArray.cpp">
      <Filter>Source Files</Filter>
    </ClCompile>
    <ClCompile Include="scr\Transform\Transoform.cpp">
      <Filter>Source Files</Filter>
    </ClCompile>
    <ClCompile Include="scr\GameObject\GameObject.cpp">
      <Filter>Source Files</Filter>
    </ClCompile>
    <ClCompile Include="scr\WindowFunctions\WindowFunctions.cpp">
      <Filter>Source Files</Filter>
    </ClCompile>
    <ClCompile Include="scr\SceneManager\SceneManager.cpp">
      <Filter>Source Files</Filter>
    </ClCompile>
    <ClCompile Include="scr\TextureClass\Texture2D\Texture2D.cpp">
      <Filter>Source Files</Filter>
    </ClCompile>
    <ClCompile Include="scr\Log\Log.cpp">
      <Filter>Source Files</Filter>
    </ClCompile>
    <ClCompile Include="scr\Rendererpch.cpp">
      <Filter>Source Files</Filter>
    </ClCompile>
    <ClCompile Include="scr\Physics\Collision\CollisionDetection.cpp">
      <Filter>Source Files</Filter>
    </ClCompile>
    <ClCompile Include="scr\Physics\Collision\Colider.cpp">
      <Filter>Source Files</Filter>
    </ClCompile>
    <ClCompile Include="scr\Physics\PhysicSimulation\PhysicWorld.cpp">
      <Filter>Source Files</Filter>
    </ClCompile>
    <ClCompile Include="scr\Physics\Collision\CollisionSolver.cpp">
      <Filter>Source Files</Filter>
    </ClCompile>
    <ClCompile Include="scr\ECS\EntityManager.cpp">
      <Filter>Source Files</Filter>
    </ClCompile>
    <ClCompile Include="scr\ECS\ECSManager.cpp">
      <Filter>Source Files</Filter>
    </ClCompile>
    <ClCompile Include="scr\ECS\SystemManager.cpp">
      <Filter>Source Files</Filter>
    </ClCompile>
    <ClCompile Include="scr\ScriptSystem\ScriptSystem.cpp">
      <Filter>Source Files</Filter>
    </ClCompile>
    <ClCompile Include="scr\Physics\Collision\CollisionSytstem.cpp">
      <Filter>Source Files</Filter>
    </ClCompile>
  </ItemGroup>
  <ItemGroup>
    <ClInclude Include="scr\Renderer\Renderer.h">
      <Filter>Header Files</Filter>
    </ClInclude>
    <ClInclude Include="scr\Shader\ShaderProgram\ShaderProgram.h">
      <Filter>Header Files</Filter>
    </ClInclude>
    <ClInclude Include="scr\Shader\ShadersContianer\Shaders.h">
      <Filter>Header Files</Filter>
    </ClInclude>
    <ClInclude Include="scr\Sprite\Sprite.h">
      <Filter>Header Files</Filter>
    </ClInclude>
    <ClInclude Include="Core\Global.h">
      <Filter>Header Files</Filter>
    </ClInclude>
    <ClInclude Include="scr\OpenglData\VertexArray\VertexArray.h">
      <Filter>Header Files</Filter>
    </ClInclude>
    <ClInclude Include="scr\OpenglData\VertexData\Vertex.h">
      <Filter>Header Files</Filter>
    </ClInclude>
    <ClInclude Include="scr\Input\Input.h">
      <Filter>Header Files</Filter>
    </ClInclude>
    <ClInclude Include="scr\ScriptableObject\ScriptableObject.h">
      <Filter>Header Files</Filter>
    </ClInclude>
    <ClInclude Include="scr\Transform\Transoform.h">
      <Filter>Header Files</Filter>
    </ClInclude>
    <ClInclude Include="scr\GameObject\GameObject.h">
      <Filter>Header Files</Filter>
    </ClInclude>
    <ClInclude Include="scr\WindowFunctions\WindowFunctions.h">
      <Filter>Header Files</Filter>
    </ClInclude>
    <ClInclude Include="scr\SceneManager\SceneManager.h">
      <Filter>Header Files</Filter>
    </ClInclude>
    <ClInclude Include="Core\SpriteData.h">
      <Filter>Header Files</Filter>
    </ClInclude>
    <ClInclude Include="scr\TextureClass\Texture2D\Texture2D.h">
      <Filter>Header Files</Filter>
    </ClInclude>
    <ClInclude Include="scr\EntryPoint.h">
      <Filter>Header Files</Filter>
    </ClInclude>
    <ClInclude Include="include\RendererEngine_s.h">
      <Filter>Header Files</Filter>
    </ClInclude>
    <ClInclude Include="scr\Log\Log.h">
      <Filter>Header Files</Filter>
    </ClInclude>
    <ClInclude Include="scr\Rendererpch.h">
      <Filter>Header Files</Filter>
    </ClInclude>
    <ClInclude Include="scr\DeltaTime.h">
      <Filter>Header Files</Filter>
    </ClInclude>
    <ClInclude Include="scr\Camera\Camera.h">
      <Filter>Header Files</Filter>
    </ClInclude>
    <ClInclude Include="scr\Physics\Collision\Colider.h">
      <Filter>Header Files</Filter>
    </ClInclude>
    <ClInclude Include="scr\Physics\Collision\CollisionDetection.h">
      <Filter>Header Files</Filter>
    </ClInclude>
    <ClInclude Include="scr\Metric\MetricHelper.h">
      <Filter>Header Files</Filter>
    </ClInclude>
    <ClInclude Include="scr\Physics\PhysicBody.h">
      <Filter>Header Files</Filter>
    </ClInclude>
    <ClInclude Include="scr\Physics\PhysicSimulation\PhysicWorld.h">
      <Filter>Header Files</Filter>
    </ClInclude>
    <ClInclude Include="scr\Physics\Collision\CollisionSolver.h">
      <Filter>Header Files</Filter>
    </ClInclude>
    <ClInclude Include="scr\ECS\EntityManager.h">
      <Filter>Header Files</Filter>
    </ClInclude>
    <ClInclude Include="scr\ECS\ComponentManager.h">
      <Filter>Header Files</Filter>
    </ClInclude>
    <ClInclude Include="scr\ECS\ComponentArray.h">
      <Filter>Header Files</Filter>
    </ClInclude>
    <ClInclude Include="scr\ECS\ECSManager.h">
      <Filter>Header Files</Filter>
    </ClInclude>
    <ClInclude Include="scr\ECS\ISystem.h">
      <Filter>Header Files</Filter>
    </ClInclude>
    <ClInclude Include="scr\ECS\SystemManager.h">
      <Filter>Header Files</Filter>
    </ClInclude>
    <ClInclude Include="scr\ScriptComponent.h">
      <Filter>Header Files</Filter>
    </ClInclude>
    <ClInclude Include="scr\ECS\EventSystem\EntityEventSystem.h">
      <Filter>Header Files</Filter>
    </ClInclude>
    <ClInclude Include="scr\ScriptSystem\ScriptSystem.h">
      <Filter>Header Files</Filter>
    </ClInclude>
    <ClInclude Include="scr\ColliderComponent.h">
      <Filter>Header Files</Filter>
    </ClInclude>
    <ClInclude Include="scr\Physics\Collision\CollisionSytstem.h">
      <Filter>Header Files</Filter>
    </ClInclude>
  </ItemGroup>
  <ItemGroup>
    <None Include="Assets\Shaders\Color_shader.glsl" />
    <None Include="Assets\Shaders\Circle_shader.glsl" />
    <None Include="Assets\Shaders\Square_shader.glsl" />
  </ItemGroup>
  <ItemGroup>
    <Image Include="Assets\Textures\Texture.jpg">
      <Filter>Resource Files</Filter>
    </Image>
    <Image Include="Assets\Textures\Apple.png">
      <Filter>Resource Files</Filter>
    </Image>
  </ItemGroup>
</Project>